
Microsoft Visual Studio Solution File, Format Version 12.00
# Visual Studio Version 17
VisualStudioVersion = 17.5.33516.290
MinimumVisualStudioVersion = 10.0.40219.1
Project("{FAE04EC0-301F-11D3-BF4B-00C04F79EFBC}") = "Blazor_Activities", "Blazor_Activities.csproj", "{40F18953-44E6-495A-9B90-98F9F5043FF2}"
EndProject
Global
	GlobalSection(SolutionConfigurationPlatforms) = preSolution
		Debug|Any CPU = Debug|Any CPU
		Release|Any CPU = Release|Any CPU
	EndGlobalSection
	GlobalSection(ProjectConfigurationPlatforms) = postSolution
		{40F18953-44E6-495A-9B90-98F9F5043FF2}.Debug|Any CPU.ActiveCfg = Debug|Any CPU
		{40F18953-44E6-495A-9B90-98F9F5043FF2}.Debug|Any CPU.Build.0 = Debug|Any CPU
		{40F18953-44E6-495A-9B90-98F9F5043FF2}.Release|Any CPU.ActiveCfg = Release|Any CPU
		{40F18953-44E6-495A-9B90-98F9F5043FF2}.Release|Any CPU.Build.0 = Release|Any CPU
	EndGlobalSection
	GlobalSection(SolutionProperties) = preSolution
		HideSolutionNode = FALSE
	EndGlobalSection
	GlobalSection(ExtensibilityGlobals) = postSolution
		SolutionGuid = {675838F7-32ED-4BA1-956E-3AA025F63CE3}
	EndGlobalSection
EndGlobal
